{
  "requires": true,
  "lockfileVersion": 1,
  "dependencies": {
    "@angular/common": {
      "version": "9.0.7",
      "resolved": "https://registry.npmjs.org/@angular/common/-/common-9.0.7.tgz",
      "integrity": "sha512-B58YgxZva1DBaeayOBsaUOOkoyR+GRibuNC3gfOMm2vXeW9eCNX+jvDtw767GnKm2yGzIq8wB3x6GHojN00dPw=="
    },
    "@angular/core": {
      "version": "9.0.7",
      "resolved": "https://registry.npmjs.org/@angular/core/-/core-9.0.7.tgz",
      "integrity": "sha512-E9XZH5Dl+9MWG3MDC6wrKllhA8Rljpz66HOIeqKv2fHPed8kzuJZU3WJWLtbhDAXFwtGTyTZ4c82ZLSmqwTorg=="
    },
    "@angular/forms": {
      "version": "9.0.7",
      "resolved": "https://registry.npmjs.org/@angular/forms/-/forms-9.0.7.tgz",
      "integrity": "sha512-PaHAmjMJDtg/3aGCPuq5BCRC1eZ/DBCpva9f7NrA1kqk0LcLdebm0v2uHwTOBtiz/VEgPvxiS4tXC4rjvUtfEg=="
    },
    "@angular/platform-browser": {
      "version": "9.0.7",
      "resolved": "https://registry.npmjs.org/@angular/platform-browser/-/platform-browser-9.0.7.tgz",
      "integrity": "sha512-Por8omrEiSV2U/K2mm/Kuv+2R2rJkbAZ3ctEM6CWj9Y4Gz2akjOCxmEgWhhBeqdigcC3T1v707f52osf9jWBkg=="
    },
    "@angular/router": {
      "version": "9.0.7",
      "resolved": "https://registry.npmjs.org/@angular/router/-/router-9.0.7.tgz",
      "integrity": "sha512-uKru9F/Zju//gg6INl54abnlpLdEUUO/GpCfMk4zqu8LCZGNFta6OY7VT+9DK9Vdrh/XUD70oE9WoelcRwwTYA=="
    },
    "angular-in-memory-web-api": {
      "version": "0.10.0",
      "resolved": "https://registry.npmjs.org/angular-in-memory-web-api/-/angular-in-memory-web-api-0.10.0.tgz",
      "integrity": "sha512-GzY4lHPR8suREYfgiYiJSBrgq0bdCiFw/LuqW5IsOQfRx98AvS69A5Ehz12oMLy9ABzoGpqmNC5fcFtClDAPqQ=="
    }
  }
}
